// !$*UTF8*$!
{
	archiveVersion = 1;
	classes = {
	};
	objectVersion = 48;
	objects = {

/* Begin PBXBuildFile section */
		0AB49FF485C1A87E70BC16DE /* Pods_Cram_Final_VersionTests.framework in Frameworks */ = {isa = PBXBuildFile; fileRef = B6AFA9D4FBBE33485DC90EAF /* Pods_Cram_Final_VersionTests.framework */; };
		78845CB9FC33A11C839DDE48 /* Pods_Cram_Final_VersionUITests.framework in Frameworks */ = {isa = PBXBuildFile; fileRef = 1E8ABE8E9C7F6C113BE0CF2F /* Pods_Cram_Final_VersionUITests.framework */; };
		8BA335CA7CEA9CC2CE89A8A4 /* Pods_Cram_Final_Version.framework in Frameworks */ = {isa = PBXBuildFile; fileRef = 16C12421C1C7469532B5D482 /* Pods_Cram_Final_Version.framework */; };
		F5072F262075227400D31C59 /* PostsTableViewController.swift in Sources */ = {isa = PBXBuildFile; fileRef = F5072F252075227400D31C59 /* PostsTableViewController.swift */; };
		F5072F2A2075239100D31C59 /* PostsTableViewCell.swift in Sources */ = {isa = PBXBuildFile; fileRef = F5072F292075239100D31C59 /* PostsTableViewCell.swift */; };
		F5072F2C20752D4300D31C59 /* ChatLogTableViewController.swift in Sources */ = {isa = PBXBuildFile; fileRef = F5072F2B20752D4300D31C59 /* ChatLogTableViewController.swift */; };
		F5072F322075312F00D31C59 /* DiscoverViewController.swift in Sources */ = {isa = PBXBuildFile; fileRef = F5072F312075312F00D31C59 /* DiscoverViewController.swift */; };
		F5072F3820753F2000D31C59 /* Assets.xcassets in Resources */ = {isa = PBXBuildFile; fileRef = F5072F3720753F2000D31C59 /* Assets.xcassets */; };
		F5103B56209601E300BC05F6 /* Message.swift in Sources */ = {isa = PBXBuildFile; fileRef = F5103B55209601E300BC05F6 /* Message.swift */; };
		F517B0C120755ED3004EC6F0 /* MapViewController.swift in Sources */ = {isa = PBXBuildFile; fileRef = F517B0BF20755ED3004EC6F0 /* MapViewController.swift */; };
		F517B0C220755ED3004EC6F0 /* MapViewController.xib in Resources */ = {isa = PBXBuildFile; fileRef = F517B0C020755ED3004EC6F0 /* MapViewController.xib */; };
		F517B0C520755EF0004EC6F0 /* ListViewController.swift in Sources */ = {isa = PBXBuildFile; fileRef = F517B0C320755EF0004EC6F0 /* ListViewController.swift */; };
		F517B0C620755EF0004EC6F0 /* ListViewController.xib in Resources */ = {isa = PBXBuildFile; fileRef = F517B0C420755EF0004EC6F0 /* ListViewController.xib */; };
		F517B0C820756865004EC6F0 /* CoreLocation.framework in Frameworks */ = {isa = PBXBuildFile; fileRef = F517B0C720756865004EC6F0 /* CoreLocation.framework */; };
		F51E6CCD2085560100508571 /* StudentPoint.swift in Sources */ = {isa = PBXBuildFile; fileRef = F51E6CCC2085560100508571 /* StudentPoint.swift */; };
		F531064B208F6E71003D0C67 /* CreatePostViewController.swift in Sources */ = {isa = PBXBuildFile; fileRef = F531064A208F6E71003D0C67 /* CreatePostViewController.swift */; };
		F531064D208FB1BC003D0C67 /* PostDetailViewController.swift in Sources */ = {isa = PBXBuildFile; fileRef = F531064C208FB1BC003D0C67 /* PostDetailViewController.swift */; };
		F53DB9AD206C2FD700055A16 /* User.swift in Sources */ = {isa = PBXBuildFile; fileRef = F53DB9AC206C2FD700055A16 /* User.swift */; };
		F53DB9AF206C2FE800055A16 /* Course.swift in Sources */ = {isa = PBXBuildFile; fileRef = F53DB9AE206C2FE800055A16 /* Course.swift */; };
		F53DB9B3206C3CF600055A16 /* AddCourseTableViewCell.swift in Sources */ = {isa = PBXBuildFile; fileRef = F53DB9B2206C3CF600055A16 /* AddCourseTableViewCell.swift */; };
		F54F2BFE20863DE600DC47F9 /* ViewProfileViewController.swift in Sources */ = {isa = PBXBuildFile; fileRef = F54F2BFD20863DE600DC47F9 /* ViewProfileViewController.swift */; };
		F5580681207A8C710005C3FB /* Filter.swift in Sources */ = {isa = PBXBuildFile; fileRef = F5580680207A8C710005C3FB /* Filter.swift */; };
		F5580686207AAF2B0005C3FB /* FilterCourseTableViewCell.swift in Sources */ = {isa = PBXBuildFile; fileRef = F5580684207AAF2B0005C3FB /* FilterCourseTableViewCell.swift */; };
		F558867B20715D5900830FD1 /* Post.swift in Sources */ = {isa = PBXBuildFile; fileRef = F558867A20715D5900830FD1 /* Post.swift */; };
		F55B75E3209262860015BB0E /* Group.swift in Sources */ = {isa = PBXBuildFile; fileRef = F55B75E2209262860015BB0E /* Group.swift */; };
		F55B75E520926B9C0015BB0E /* CreateGroupViewController.swift in Sources */ = {isa = PBXBuildFile; fileRef = F55B75E420926B9C0015BB0E /* CreateGroupViewController.swift */; };
		F55D6D13206AC09800234187 /* MapKit.framework in Frameworks */ = {isa = PBXBuildFile; fileRef = F55D6D12206AC09800234187 /* MapKit.framework */; };
		F55D6D15206AC24900234187 /* GoogleService-Info.plist in Resources */ = {isa = PBXBuildFile; fileRef = F55D6D14206AC24900234187 /* GoogleService-Info.plist */; };
		F572EF68209220A200A5D87C /* ChatLogViewController.swift in Sources */ = {isa = PBXBuildFile; fileRef = F572EF67209220A200A5D87C /* ChatLogViewController.swift */; };
		F572EF6A2092223400A5D87C /* ChatLogTableViewCell.swift in Sources */ = {isa = PBXBuildFile; fileRef = F572EF692092223400A5D87C /* ChatLogTableViewCell.swift */; };
		F578616A207D9B3300B21696 /* AddCourseViewController.swift in Sources */ = {isa = PBXBuildFile; fileRef = F5786169207D9B3300B21696 /* AddCourseViewController.swift */; };
		F578616D207DB37E00B21696 /* ListViewTableViewCell.swift in Sources */ = {isa = PBXBuildFile; fileRef = F578616B207DB37E00B21696 /* ListViewTableViewCell.swift */; };
		F578616E207DB37E00B21696 /* ListViewTableViewCell.xib in Resources */ = {isa = PBXBuildFile; fileRef = F578616C207DB37E00B21696 /* ListViewTableViewCell.xib */; };
		F58EF563208BAA4900D32905 /* Friend.swift in Sources */ = {isa = PBXBuildFile; fileRef = F58EF562208BAA4900D32905 /* Friend.swift */; };
		F5961A0720668B73005151EA /* AppDelegate.swift in Sources */ = {isa = PBXBuildFile; fileRef = F5961A0620668B73005151EA /* AppDelegate.swift */; };
		F5961A0920668B73005151EA /* LoginViewController.swift in Sources */ = {isa = PBXBuildFile; fileRef = F5961A0820668B73005151EA /* LoginViewController.swift */; };
		F5961A0C20668B73005151EA /* Main.storyboard in Resources */ = {isa = PBXBuildFile; fileRef = F5961A0A20668B73005151EA /* Main.storyboard */; };
		F5961A0F20668B73005151EA /* Cram_Final_Version.xcdatamodeld in Sources */ = {isa = PBXBuildFile; fileRef = F5961A0D20668B73005151EA /* Cram_Final_Version.xcdatamodeld */; };
		F5961A1420668B73005151EA /* LaunchScreen.storyboard in Resources */ = {isa = PBXBuildFile; fileRef = F5961A1220668B73005151EA /* LaunchScreen.storyboard */; };
		F5961A1F20668B73005151EA /* Cram_Final_VersionTests.swift in Sources */ = {isa = PBXBuildFile; fileRef = F5961A1E20668B73005151EA /* Cram_Final_VersionTests.swift */; };
		F5961A2A20668B73005151EA /* Cram_Final_VersionUITests.swift in Sources */ = {isa = PBXBuildFile; fileRef = F5961A2920668B73005151EA /* Cram_Final_VersionUITests.swift */; };
		F5BD921E206B253300CF6E4A /* AddCourseTableViewController.swift in Sources */ = {isa = PBXBuildFile; fileRef = F5BD921D206B253300CF6E4A /* AddCourseTableViewController.swift */; };
		F5CAF53F206A9E4300BC8E39 /* ProfileViewController.swift in Sources */ = {isa = PBXBuildFile; fileRef = F5CAF53E206A9E4300BC8E39 /* ProfileViewController.swift */; };
		F5CAF547206AAA5200BC8E39 /* SignUpViewController.swift in Sources */ = {isa = PBXBuildFile; fileRef = F5CAF546206AAA5200BC8E39 /* SignUpViewController.swift */; };
		F5CD1FBD207A57E500C901A2 /* FilterViewController.swift in Sources */ = {isa = PBXBuildFile; fileRef = F5CD1FBC207A57E500C901A2 /* FilterViewController.swift */; };
/* End PBXBuildFile section */

/* Begin PBXContainerItemProxy section */
		F5961A1B20668B73005151EA /* PBXContainerItemProxy */ = {
			isa = PBXContainerItemProxy;
			containerPortal = F59619FB20668B73005151EA /* Project object */;
			proxyType = 1;
			remoteGlobalIDString = F5961A0220668B73005151EA;
			remoteInfo = "Cram Final Version";
		};
		F5961A2620668B73005151EA /* PBXContainerItemProxy */ = {
			isa = PBXContainerItemProxy;
			containerPortal = F59619FB20668B73005151EA /* Project object */;
			proxyType = 1;
			remoteGlobalIDString = F5961A0220668B73005151EA;
			remoteInfo = "Cram Final Version";
		};
/* End PBXContainerItemProxy section */

/* Begin PBXFileReference section */
		03371BA59C380417D5F64A40 /* Pods-Cram Final VersionUITests.release.xcconfig */ = {isa = PBXFileReference; includeInIndex = 1; lastKnownFileType = text.xcconfig; name = "Pods-Cram Final VersionUITests.release.xcconfig"; path = "Pods/Target Support Files/Pods-Cram Final VersionUITests/Pods-Cram Final VersionUITests.release.xcconfig"; sourceTree = "<group>"; };
		16C12421C1C7469532B5D482 /* Pods_Cram_Final_Version.framework */ = {isa = PBXFileReference; explicitFileType = wrapper.framework; includeInIndex = 0; path = Pods_Cram_Final_Version.framework; sourceTree = BUILT_PRODUCTS_DIR; };
		1E8ABE8E9C7F6C113BE0CF2F /* Pods_Cram_Final_VersionUITests.framework */ = {isa = PBXFileReference; explicitFileType = wrapper.framework; includeInIndex = 0; path = Pods_Cram_Final_VersionUITests.framework; sourceTree = BUILT_PRODUCTS_DIR; };
		66074E90A0BA377925A676E6 /* Pods-Cram Final VersionTests.debug.xcconfig */ = {isa = PBXFileReference; includeInIndex = 1; lastKnownFileType = text.xcconfig; name = "Pods-Cram Final VersionTests.debug.xcconfig"; path = "Pods/Target Support Files/Pods-Cram Final VersionTests/Pods-Cram Final VersionTests.debug.xcconfig"; sourceTree = "<group>"; };
		69445B359F3BBFF10E155338 /* Pods-Cram Final VersionUITests.debug.xcconfig */ = {isa = PBXFileReference; includeInIndex = 1; lastKnownFileType = text.xcconfig; name = "Pods-Cram Final VersionUITests.debug.xcconfig"; path = "Pods/Target Support Files/Pods-Cram Final VersionUITests/Pods-Cram Final VersionUITests.debug.xcconfig"; sourceTree = "<group>"; };
		76BB8263B0D5E0BB12DE73CB /* Pods-Cram Final VersionTests.release.xcconfig */ = {isa = PBXFileReference; includeInIndex = 1; lastKnownFileType = text.xcconfig; name = "Pods-Cram Final VersionTests.release.xcconfig"; path = "Pods/Target Support Files/Pods-Cram Final VersionTests/Pods-Cram Final VersionTests.release.xcconfig"; sourceTree = "<group>"; };
		B6AFA9D4FBBE33485DC90EAF /* Pods_Cram_Final_VersionTests.framework */ = {isa = PBXFileReference; explicitFileType = wrapper.framework; includeInIndex = 0; path = Pods_Cram_Final_VersionTests.framework; sourceTree = BUILT_PRODUCTS_DIR; };
		CB6E382E6C669583F8A0F933 /* Pods-Cram Final Version.release.xcconfig */ = {isa = PBXFileReference; includeInIndex = 1; lastKnownFileType = text.xcconfig; name = "Pods-Cram Final Version.release.xcconfig"; path = "Pods/Target Support Files/Pods-Cram Final Version/Pods-Cram Final Version.release.xcconfig"; sourceTree = "<group>"; };
		E185B0C49F09B48E89020208 /* Pods-Cram Final Version.debug.xcconfig */ = {isa = PBXFileReference; includeInIndex = 1; lastKnownFileType = text.xcconfig; name = "Pods-Cram Final Version.debug.xcconfig"; path = "Pods/Target Support Files/Pods-Cram Final Version/Pods-Cram Final Version.debug.xcconfig"; sourceTree = "<group>"; };
		F5072F252075227400D31C59 /* PostsTableViewController.swift */ = {isa = PBXFileReference; lastKnownFileType = sourcecode.swift; path = PostsTableViewController.swift; sourceTree = "<group>"; };
		F5072F292075239100D31C59 /* PostsTableViewCell.swift */ = {isa = PBXFileReference; lastKnownFileType = sourcecode.swift; path = PostsTableViewCell.swift; sourceTree = "<group>"; };
		F5072F2B20752D4300D31C59 /* ChatLogTableViewController.swift */ = {isa = PBXFileReference; lastKnownFileType = sourcecode.swift; path = ChatLogTableViewController.swift; sourceTree = "<group>"; };
		F5072F312075312F00D31C59 /* DiscoverViewController.swift */ = {isa = PBXFileReference; lastKnownFileType = sourcecode.swift; path = DiscoverViewController.swift; sourceTree = "<group>"; };
		F5072F3720753F2000D31C59 /* Assets.xcassets */ = {isa = PBXFileReference; lastKnownFileType = folder.assetcatalog; path = Assets.xcassets; sourceTree = "<group>"; };
		F5103B542095F07800BC05F6 /* Cram Final Version.entitlements */ = {isa = PBXFileReference; lastKnownFileType = text.plist.entitlements; path = "Cram Final Version.entitlements"; sourceTree = "<group>"; };
		F5103B55209601E300BC05F6 /* Message.swift */ = {isa = PBXFileReference; lastKnownFileType = sourcecode.swift; path = Message.swift; sourceTree = "<group>"; };
		F517B0BF20755ED3004EC6F0 /* MapViewController.swift */ = {isa = PBXFileReference; lastKnownFileType = sourcecode.swift; path = MapViewController.swift; sourceTree = "<group>"; };
		F517B0C020755ED3004EC6F0 /* MapViewController.xib */ = {isa = PBXFileReference; lastKnownFileType = file.xib; path = MapViewController.xib; sourceTree = "<group>"; };
		F517B0C320755EF0004EC6F0 /* ListViewController.swift */ = {isa = PBXFileReference; lastKnownFileType = sourcecode.swift; path = ListViewController.swift; sourceTree = "<group>"; };
		F517B0C420755EF0004EC6F0 /* ListViewController.xib */ = {isa = PBXFileReference; lastKnownFileType = file.xib; path = ListViewController.xib; sourceTree = "<group>"; };
		F517B0C720756865004EC6F0 /* CoreLocation.framework */ = {isa = PBXFileReference; lastKnownFileType = wrapper.framework; name = CoreLocation.framework; path = System/Library/Frameworks/CoreLocation.framework; sourceTree = SDKROOT; };
		F51E6CCC2085560100508571 /* StudentPoint.swift */ = {isa = PBXFileReference; lastKnownFileType = sourcecode.swift; path = StudentPoint.swift; sourceTree = "<group>"; };
		F531064A208F6E71003D0C67 /* CreatePostViewController.swift */ = {isa = PBXFileReference; lastKnownFileType = sourcecode.swift; path = CreatePostViewController.swift; sourceTree = "<group>"; };
		F531064C208FB1BC003D0C67 /* PostDetailViewController.swift */ = {isa = PBXFileReference; lastKnownFileType = sourcecode.swift; path = PostDetailViewController.swift; sourceTree = "<group>"; };
		F53DB9AC206C2FD700055A16 /* User.swift */ = {isa = PBXFileReference; lastKnownFileType = sourcecode.swift; path = User.swift; sourceTree = "<group>"; };
		F53DB9AE206C2FE800055A16 /* Course.swift */ = {isa = PBXFileReference; lastKnownFileType = sourcecode.swift; path = Course.swift; sourceTree = "<group>"; };
		F53DB9B2206C3CF600055A16 /* AddCourseTableViewCell.swift */ = {isa = PBXFileReference; lastKnownFileType = sourcecode.swift; path = AddCourseTableViewCell.swift; sourceTree = "<group>"; };
		F54F2BFD20863DE600DC47F9 /* ViewProfileViewController.swift */ = {isa = PBXFileReference; lastKnownFileType = sourcecode.swift; path = ViewProfileViewController.swift; sourceTree = "<group>"; };
		F5567CBF207D370A00A69329 /* UMaineTestLocation.gpx */ = {isa = PBXFileReference; lastKnownFileType = text.xml; path = UMaineTestLocation.gpx; sourceTree = "<group>"; };
		F5580680207A8C710005C3FB /* Filter.swift */ = {isa = PBXFileReference; lastKnownFileType = sourcecode.swift; path = Filter.swift; sourceTree = "<group>"; };
		F5580684207AAF2B0005C3FB /* FilterCourseTableViewCell.swift */ = {isa = PBXFileReference; lastKnownFileType = sourcecode.swift; path = FilterCourseTableViewCell.swift; sourceTree = "<group>"; };
		F558867A20715D5900830FD1 /* Post.swift */ = {isa = PBXFileReference; lastKnownFileType = sourcecode.swift; path = Post.swift; sourceTree = "<group>"; };
		F55B75E2209262860015BB0E /* Group.swift */ = {isa = PBXFileReference; lastKnownFileType = sourcecode.swift; path = Group.swift; sourceTree = "<group>"; };
		F55B75E420926B9C0015BB0E /* CreateGroupViewController.swift */ = {isa = PBXFileReference; lastKnownFileType = sourcecode.swift; path = CreateGroupViewController.swift; sourceTree = "<group>"; };
		F55D6D12206AC09800234187 /* MapKit.framework */ = {isa = PBXFileReference; lastKnownFileType = wrapper.framework; name = MapKit.framework; path = System/Library/Frameworks/MapKit.framework; sourceTree = SDKROOT; };
		F55D6D14206AC24900234187 /* GoogleService-Info.plist */ = {isa = PBXFileReference; fileEncoding = 4; lastKnownFileType = text.plist.xml; path = "GoogleService-Info.plist"; sourceTree = "<group>"; };
		F572EF67209220A200A5D87C /* ChatLogViewController.swift */ = {isa = PBXFileReference; lastKnownFileType = sourcecode.swift; path = ChatLogViewController.swift; sourceTree = "<group>"; };
		F572EF692092223400A5D87C /* ChatLogTableViewCell.swift */ = {isa = PBXFileReference; lastKnownFileType = sourcecode.swift; path = ChatLogTableViewCell.swift; sourceTree = "<group>"; };
		F5786169207D9B3300B21696 /* AddCourseViewController.swift */ = {isa = PBXFileReference; lastKnownFileType = sourcecode.swift; path = AddCourseViewController.swift; sourceTree = "<group>"; };
		F578616B207DB37E00B21696 /* ListViewTableViewCell.swift */ = {isa = PBXFileReference; lastKnownFileType = sourcecode.swift; path = ListViewTableViewCell.swift; sourceTree = "<group>"; };
		F578616C207DB37E00B21696 /* ListViewTableViewCell.xib */ = {isa = PBXFileReference; lastKnownFileType = file.xib; path = ListViewTableViewCell.xib; sourceTree = "<group>"; };
		F58EF562208BAA4900D32905 /* Friend.swift */ = {isa = PBXFileReference; lastKnownFileType = sourcecode.swift; path = Friend.swift; sourceTree = "<group>"; };
		F5961A0320668B73005151EA /* Cram Final Version.app */ = {isa = PBXFileReference; explicitFileType = wrapper.application; includeInIndex = 0; path = "Cram Final Version.app"; sourceTree = BUILT_PRODUCTS_DIR; };
		F5961A0620668B73005151EA /* AppDelegate.swift */ = {isa = PBXFileReference; lastKnownFileType = sourcecode.swift; path = AppDelegate.swift; sourceTree = "<group>"; };
		F5961A0820668B73005151EA /* LoginViewController.swift */ = {isa = PBXFileReference; lastKnownFileType = sourcecode.swift; path = LoginViewController.swift; sourceTree = "<group>"; };
		F5961A0B20668B73005151EA /* Base */ = {isa = PBXFileReference; lastKnownFileType = file.storyboard; name = Base; path = Base.lproj/Main.storyboard; sourceTree = "<group>"; };
		F5961A0E20668B73005151EA /* Cram_Final_Version.xcdatamodel */ = {isa = PBXFileReference; lastKnownFileType = wrapper.xcdatamodel; path = Cram_Final_Version.xcdatamodel; sourceTree = "<group>"; };
		F5961A1320668B73005151EA /* Base */ = {isa = PBXFileReference; lastKnownFileType = file.storyboard; name = Base; path = Base.lproj/LaunchScreen.storyboard; sourceTree = "<group>"; };
		F5961A1520668B73005151EA /* Info.plist */ = {isa = PBXFileReference; lastKnownFileType = text.plist.xml; path = Info.plist; sourceTree = "<group>"; };
		F5961A1A20668B73005151EA /* Cram Final VersionTests.xctest */ = {isa = PBXFileReference; explicitFileType = wrapper.cfbundle; includeInIndex = 0; path = "Cram Final VersionTests.xctest"; sourceTree = BUILT_PRODUCTS_DIR; };
		F5961A1E20668B73005151EA /* Cram_Final_VersionTests.swift */ = {isa = PBXFileReference; lastKnownFileType = sourcecode.swift; path = Cram_Final_VersionTests.swift; sourceTree = "<group>"; };
		F5961A2020668B73005151EA /* Info.plist */ = {isa = PBXFileReference; lastKnownFileType = text.plist.xml; path = Info.plist; sourceTree = "<group>"; };
		F5961A2520668B73005151EA /* Cram Final VersionUITests.xctest */ = {isa = PBXFileReference; explicitFileType = wrapper.cfbundle; includeInIndex = 0; path = "Cram Final VersionUITests.xctest"; sourceTree = BUILT_PRODUCTS_DIR; };
		F5961A2920668B73005151EA /* Cram_Final_VersionUITests.swift */ = {isa = PBXFileReference; lastKnownFileType = sourcecode.swift; path = Cram_Final_VersionUITests.swift; sourceTree = "<group>"; };
		F5961A2B20668B73005151EA /* Info.plist */ = {isa = PBXFileReference; lastKnownFileType = text.plist.xml; path = Info.plist; sourceTree = "<group>"; };
		F5BD921D206B253300CF6E4A /* AddCourseTableViewController.swift */ = {isa = PBXFileReference; lastKnownFileType = sourcecode.swift; path = AddCourseTableViewController.swift; sourceTree = "<group>"; };
		F5CAF53E206A9E4300BC8E39 /* ProfileViewController.swift */ = {isa = PBXFileReference; lastKnownFileType = sourcecode.swift; path = ProfileViewController.swift; sourceTree = "<group>"; };
		F5CAF546206AAA5200BC8E39 /* SignUpViewController.swift */ = {isa = PBXFileReference; lastKnownFileType = sourcecode.swift; path = SignUpViewController.swift; sourceTree = "<group>"; };
		F5CD1FBC207A57E500C901A2 /* FilterViewController.swift */ = {isa = PBXFileReference; lastKnownFileType = sourcecode.swift; path = FilterViewController.swift; sourceTree = "<group>"; };
/* End PBXFileReference section */

/* Begin PBXFrameworksBuildPhase section */
		F5961A0020668B73005151EA /* Frameworks */ = {
			isa = PBXFrameworksBuildPhase;
			buildActionMask = 2147483647;
			files = (
				F517B0C820756865004EC6F0 /* CoreLocation.framework in Frameworks */,
				F55D6D13206AC09800234187 /* MapKit.framework in Frameworks */,
				8BA335CA7CEA9CC2CE89A8A4 /* Pods_Cram_Final_Version.framework in Frameworks */,
			);
			runOnlyForDeploymentPostprocessing = 0;
		};
		F5961A1720668B73005151EA /* Frameworks */ = {
			isa = PBXFrameworksBuildPhase;
			buildActionMask = 2147483647;
			files = (
				0AB49FF485C1A87E70BC16DE /* Pods_Cram_Final_VersionTests.framework in Frameworks */,
			);
			runOnlyForDeploymentPostprocessing = 0;
		};
		F5961A2220668B73005151EA /* Frameworks */ = {
			isa = PBXFrameworksBuildPhase;
			buildActionMask = 2147483647;
			files = (
				78845CB9FC33A11C839DDE48 /* Pods_Cram_Final_VersionUITests.framework in Frameworks */,
			);
			runOnlyForDeploymentPostprocessing = 0;
		};
/* End PBXFrameworksBuildPhase section */

/* Begin PBXGroup section */
		8292A55FB2C8DEDF65E4FDF5 /* Pods */ = {
			isa = PBXGroup;
			children = (
				E185B0C49F09B48E89020208 /* Pods-Cram Final Version.debug.xcconfig */,
				CB6E382E6C669583F8A0F933 /* Pods-Cram Final Version.release.xcconfig */,
				66074E90A0BA377925A676E6 /* Pods-Cram Final VersionTests.debug.xcconfig */,
				76BB8263B0D5E0BB12DE73CB /* Pods-Cram Final VersionTests.release.xcconfig */,
				69445B359F3BBFF10E155338 /* Pods-Cram Final VersionUITests.debug.xcconfig */,
				03371BA59C380417D5F64A40 /* Pods-Cram Final VersionUITests.release.xcconfig */,
			);
			name = Pods;
			sourceTree = "<group>";
		};
		F50CF6F1206C2F4200F5D682 /* Model */ = {
			isa = PBXGroup;
			children = (
				F53DB9AC206C2FD700055A16 /* User.swift */,
				F558867A20715D5900830FD1 /* Post.swift */,
				F53DB9AE206C2FE800055A16 /* Course.swift */,
				F5580680207A8C710005C3FB /* Filter.swift */,
				F58EF562208BAA4900D32905 /* Friend.swift */,
				F55B75E2209262860015BB0E /* Group.swift */,
				F5103B55209601E300BC05F6 /* Message.swift */,
			);
			path = Model;
			sourceTree = "<group>";
		};
		F50CF6F2206C2F5400F5D682 /* Controller */ = {
			isa = PBXGroup;
			children = (
				F517B0BE20755E88004EC6F0 /* Login & Sign Up */,
				F517B0BD20755E62004EC6F0 /* Posts */,
				F517B0BC20755E00004EC6F0 /* Chat */,
				F517B0BA20755DDA004EC6F0 /* Profile */,
				F517B0B920755DCF004EC6F0 /* Discover */,
			);
			path = Controller;
			sourceTree = "<group>";
		};
		F517B0B920755DCF004EC6F0 /* Discover */ = {
			isa = PBXGroup;
			children = (
				F5CD1FBC207A57E500C901A2 /* FilterViewController.swift */,
				F5072F312075312F00D31C59 /* DiscoverViewController.swift */,
				F517B0BF20755ED3004EC6F0 /* MapViewController.swift */,
				F517B0C020755ED3004EC6F0 /* MapViewController.xib */,
				F517B0C320755EF0004EC6F0 /* ListViewController.swift */,
				F517B0C420755EF0004EC6F0 /* ListViewController.xib */,
				F5580684207AAF2B0005C3FB /* FilterCourseTableViewCell.swift */,
				F578616B207DB37E00B21696 /* ListViewTableViewCell.swift */,
				F578616C207DB37E00B21696 /* ListViewTableViewCell.xib */,
				F51E6CCC2085560100508571 /* StudentPoint.swift */,
				F54F2BFD20863DE600DC47F9 /* ViewProfileViewController.swift */,
			);
			path = Discover;
			sourceTree = "<group>";
		};
		F517B0BA20755DDA004EC6F0 /* Profile */ = {
			isa = PBXGroup;
			children = (
				F5CAF53E206A9E4300BC8E39 /* ProfileViewController.swift */,
			);
			path = Profile;
			sourceTree = "<group>";
		};
		F517B0BC20755E00004EC6F0 /* Chat */ = {
			isa = PBXGroup;
			children = (
				F5072F2B20752D4300D31C59 /* ChatLogTableViewController.swift */,
				F572EF67209220A200A5D87C /* ChatLogViewController.swift */,
				F572EF692092223400A5D87C /* ChatLogTableViewCell.swift */,
				F55B75E420926B9C0015BB0E /* CreateGroupViewController.swift */,
			);
			path = Chat;
			sourceTree = "<group>";
		};
		F517B0BD20755E62004EC6F0 /* Posts */ = {
			isa = PBXGroup;
			children = (
				F5072F292075239100D31C59 /* PostsTableViewCell.swift */,
				F5072F252075227400D31C59 /* PostsTableViewController.swift */,
				F531064A208F6E71003D0C67 /* CreatePostViewController.swift */,
				F531064C208FB1BC003D0C67 /* PostDetailViewController.swift */,
			);
			path = Posts;
			sourceTree = "<group>";
		};
		F517B0BE20755E88004EC6F0 /* Login & Sign Up */ = {
			isa = PBXGroup;
			children = (
				F5961A0820668B73005151EA /* LoginViewController.swift */,
				F5BD921D206B253300CF6E4A /* AddCourseTableViewController.swift */,
				F53DB9B2206C3CF600055A16 /* AddCourseTableViewCell.swift */,
				F5CAF546206AAA5200BC8E39 /* SignUpViewController.swift */,
				F5786169207D9B3300B21696 /* AddCourseViewController.swift */,
			);
			path = "Login & Sign Up";
			sourceTree = "<group>";
		};
		F55D6D11206AC09800234187 /* Frameworks */ = {
			isa = PBXGroup;
			children = (
				F517B0C720756865004EC6F0 /* CoreLocation.framework */,
				F55D6D12206AC09800234187 /* MapKit.framework */,
				16C12421C1C7469532B5D482 /* Pods_Cram_Final_Version.framework */,
				B6AFA9D4FBBE33485DC90EAF /* Pods_Cram_Final_VersionTests.framework */,
				1E8ABE8E9C7F6C113BE0CF2F /* Pods_Cram_Final_VersionUITests.framework */,
			);
			name = Frameworks;
			sourceTree = "<group>";
		};
		F59619FA20668B73005151EA = {
			isa = PBXGroup;
			children = (
				F5961A0520668B73005151EA /* Cram Final Version */,
				F5961A1D20668B73005151EA /* Cram Final VersionTests */,
				F5961A2820668B73005151EA /* Cram Final VersionUITests */,
				F5961A0420668B73005151EA /* Products */,
				F55D6D11206AC09800234187 /* Frameworks */,
				8292A55FB2C8DEDF65E4FDF5 /* Pods */,
			);
			sourceTree = "<group>";
		};
		F5961A0420668B73005151EA /* Products */ = {
			isa = PBXGroup;
			children = (
				F5961A0320668B73005151EA /* Cram Final Version.app */,
				F5961A1A20668B73005151EA /* Cram Final VersionTests.xctest */,
				F5961A2520668B73005151EA /* Cram Final VersionUITests.xctest */,
			);
			name = Products;
			sourceTree = "<group>";
		};
		F5961A0520668B73005151EA /* Cram Final Version */ = {
			isa = PBXGroup;
			children = (
				F5103B542095F07800BC05F6 /* Cram Final Version.entitlements */,
				F50CF6F1206C2F4200F5D682 /* Model */,
				F50CF6F2206C2F5400F5D682 /* Controller */,
				F5961A0620668B73005151EA /* AppDelegate.swift */,
				F5961A0A20668B73005151EA /* Main.storyboard */,
				F5072F3720753F2000D31C59 /* Assets.xcassets */,
				F5961A1220668B73005151EA /* LaunchScreen.storyboard */,
				F5961A1520668B73005151EA /* Info.plist */,
				F5961A0D20668B73005151EA /* Cram_Final_Version.xcdatamodeld */,
				F55D6D14206AC24900234187 /* GoogleService-Info.plist */,
				F5567CBF207D370A00A69329 /* UMaineTestLocation.gpx */,
			);
			path = "Cram Final Version";
			sourceTree = "<group>";
		};
		F5961A1D20668B73005151EA /* Cram Final VersionTests */ = {
			isa = PBXGroup;
			children = (
				F5961A1E20668B73005151EA /* Cram_Final_VersionTests.swift */,
				F5961A2020668B73005151EA /* Info.plist */,
			);
			path = "Cram Final VersionTests";
			sourceTree = "<group>";
		};
		F5961A2820668B73005151EA /* Cram Final VersionUITests */ = {
			isa = PBXGroup;
			children = (
				F5961A2920668B73005151EA /* Cram_Final_VersionUITests.swift */,
				F5961A2B20668B73005151EA /* Info.plist */,
			);
			path = "Cram Final VersionUITests";
			sourceTree = "<group>";
		};
/* End PBXGroup section */

/* Begin PBXNativeTarget section */
		F5961A0220668B73005151EA /* Cram Final Version */ = {
			isa = PBXNativeTarget;
			buildConfigurationList = F5961A2E20668B73005151EA /* Build configuration list for PBXNativeTarget "Cram Final Version" */;
			buildPhases = (
				8D50AD566A178362DEFA316B /* [CP] Check Pods Manifest.lock */,
				F59619FF20668B73005151EA /* Sources */,
				F5961A0020668B73005151EA /* Frameworks */,
				F5961A0120668B73005151EA /* Resources */,
				031F2A59468594164DF95ABB /* [CP] Embed Pods Frameworks */,
				1A5C478482B7AA077261C8A6 /* [CP] Copy Pods Resources */,
			);
			buildRules = (
			);
			dependencies = (
			);
			name = "Cram Final Version";
			productName = "Cram Final Version";
			productReference = F5961A0320668B73005151EA /* Cram Final Version.app */;
			productType = "com.apple.product-type.application";
		};
		F5961A1920668B73005151EA /* Cram Final VersionTests */ = {
			isa = PBXNativeTarget;
			buildConfigurationList = F5961A3120668B73005151EA /* Build configuration list for PBXNativeTarget "Cram Final VersionTests" */;
			buildPhases = (
				A351FE17D9B82BCA4FF5AB17 /* [CP] Check Pods Manifest.lock */,
				F5961A1620668B73005151EA /* Sources */,
				F5961A1720668B73005151EA /* Frameworks */,
				F5961A1820668B73005151EA /* Resources */,
				081DE5D43C2905D3925DF708 /* [CP] Embed Pods Frameworks */,
				BA89572B5766D652DBCB98FF /* [CP] Copy Pods Resources */,
			);
			buildRules = (
			);
			dependencies = (
				F5961A1C20668B73005151EA /* PBXTargetDependency */,
			);
			name = "Cram Final VersionTests";
			productName = "Cram Final VersionTests";
			productReference = F5961A1A20668B73005151EA /* Cram Final VersionTests.xctest */;
			productType = "com.apple.product-type.bundle.unit-test";
		};
		F5961A2420668B73005151EA /* Cram Final VersionUITests */ = {
			isa = PBXNativeTarget;
			buildConfigurationList = F5961A3420668B73005151EA /* Build configuration list for PBXNativeTarget "Cram Final VersionUITests" */;
			buildPhases = (
				371E04123ED83CB10EA21A2C /* [CP] Check Pods Manifest.lock */,
				F5961A2120668B73005151EA /* Sources */,
				F5961A2220668B73005151EA /* Frameworks */,
				F5961A2320668B73005151EA /* Resources */,
				A9C677DA36A1C9787D7656C7 /* [CP] Embed Pods Frameworks */,
				5B5F029B0F83C6AD25A6187F /* [CP] Copy Pods Resources */,
			);
			buildRules = (
			);
			dependencies = (
				F5961A2720668B73005151EA /* PBXTargetDependency */,
			);
			name = "Cram Final VersionUITests";
			productName = "Cram Final VersionUITests";
			productReference = F5961A2520668B73005151EA /* Cram Final VersionUITests.xctest */;
			productType = "com.apple.product-type.bundle.ui-testing";
		};
/* End PBXNativeTarget section */

/* Begin PBXProject section */
		F59619FB20668B73005151EA /* Project object */ = {
			isa = PBXProject;
			attributes = {
				LastSwiftUpdateCheck = 0920;
				LastUpgradeCheck = 0930;
				ORGANIZATIONNAME = "Aaron Speakman";
				TargetAttributes = {
					F5961A0220668B73005151EA = {
						CreatedOnToolsVersion = 9.2;
						ProvisioningStyle = Automatic;
						SystemCapabilities = {
							com.apple.BackgroundModes = {
								enabled = 1;
							};
							com.apple.Maps.iOS = {
								enabled = 1;
							};
							com.apple.Push = {
								enabled = 1;
							};
						};
					};
					F5961A1920668B73005151EA = {
						CreatedOnToolsVersion = 9.2;
						ProvisioningStyle = Automatic;
						TestTargetID = F5961A0220668B73005151EA;
					};
					F5961A2420668B73005151EA = {
						CreatedOnToolsVersion = 9.2;
						ProvisioningStyle = Automatic;
						TestTargetID = F5961A0220668B73005151EA;
					};
				};
			};
			buildConfigurationList = F59619FE20668B73005151EA /* Build configuration list for PBXProject "Cram Final Version" */;
			compatibilityVersion = "Xcode 8.0";
			developmentRegion = en;
			hasScannedForEncodings = 0;
			knownRegions = (
				en,
				Base,
			);
			mainGroup = F59619FA20668B73005151EA;
			productRefGroup = F5961A0420668B73005151EA /* Products */;
			projectDirPath = "";
			projectRoot = "";
			targets = (
				F5961A0220668B73005151EA /* Cram Final Version */,
				F5961A1920668B73005151EA /* Cram Final VersionTests */,
				F5961A2420668B73005151EA /* Cram Final VersionUITests */,
			);
		};
/* End PBXProject section */

/* Begin PBXResourcesBuildPhase section */
		F5961A0120668B73005151EA /* Resources */ = {
			isa = PBXResourcesBuildPhase;
			buildActionMask = 2147483647;
			files = (
				F5072F3820753F2000D31C59 /* Assets.xcassets in Resources */,
				F5961A1420668B73005151EA /* LaunchScreen.storyboard in Resources */,
				F517B0C620755EF0004EC6F0 /* ListViewController.xib in Resources */,
				F55D6D15206AC24900234187 /* GoogleService-Info.plist in Resources */,
				F578616E207DB37E00B21696 /* ListViewTableViewCell.xib in Resources */,
				F517B0C220755ED3004EC6F0 /* MapViewController.xib in Resources */,
				F5961A0C20668B73005151EA /* Main.storyboard in Resources */,
			);
			runOnlyForDeploymentPostprocessing = 0;
		};
		F5961A1820668B73005151EA /* Resources */ = {
			isa = PBXResourcesBuildPhase;
			buildActionMask = 2147483647;
			files = (
			);
			runOnlyForDeploymentPostprocessing = 0;
		};
		F5961A2320668B73005151EA /* Resources */ = {
			isa = PBXResourcesBuildPhase;
			buildActionMask = 2147483647;
			files = (
			);
			runOnlyForDeploymentPostprocessing = 0;
		};
/* End PBXResourcesBuildPhase section */

/* Begin PBXShellScriptBuildPhase section */
		031F2A59468594164DF95ABB /* [CP] Embed Pods Frameworks */ = {
			isa = PBXShellScriptBuildPhase;
			buildActionMask = 2147483647;
			files = (
			);
			inputPaths = (
			);
			name = "[CP] Embed Pods Frameworks";
			outputPaths = (
			);
			runOnlyForDeploymentPostprocessing = 0;
			shellPath = /bin/sh;
			shellScript = "\"${SRCROOT}/Pods/Target Support Files/Pods-Cram Final Version/Pods-Cram Final Version-frameworks.sh\"\n";
			showEnvVarsInLog = 0;
		};
		081DE5D43C2905D3925DF708 /* [CP] Embed Pods Frameworks */ = {
			isa = PBXShellScriptBuildPhase;
			buildActionMask = 2147483647;
			files = (
			);
			inputPaths = (
			);
			name = "[CP] Embed Pods Frameworks";
			outputPaths = (
			);
			runOnlyForDeploymentPostprocessing = 0;
			shellPath = /bin/sh;
			shellScript = "\"${SRCROOT}/Pods/Target Support Files/Pods-Cram Final VersionTests/Pods-Cram Final VersionTests-frameworks.sh\"\n";
			showEnvVarsInLog = 0;
		};
		1A5C478482B7AA077261C8A6 /* [CP] Copy Pods Resources */ = {
			isa = PBXShellScriptBuildPhase;
			buildActionMask = 2147483647;
			files = (
			);
			inputPaths = (
			);
			name = "[CP] Copy Pods Resources";
			outputPaths = (
			);
			runOnlyForDeploymentPostprocessing = 0;
			shellPath = /bin/sh;
			shellScript = "\"${SRCROOT}/Pods/Target Support Files/Pods-Cram Final Version/Pods-Cram Final Version-resources.sh\"\n";
			showEnvVarsInLog = 0;
		};
		371E04123ED83CB10EA21A2C /* [CP] Check Pods Manifest.lock */ = {
			isa = PBXShellScriptBuildPhase;
			buildActionMask = 2147483647;
			files = (
			);
			inputPaths = (
			);
			name = "[CP] Check Pods Manifest.lock";
			outputPaths = (
			);
			runOnlyForDeploymentPostprocessing = 0;
			shellPath = /bin/sh;
			shellScript = "diff \"${PODS_ROOT}/../Podfile.lock\" \"${PODS_ROOT}/Manifest.lock\" > /dev/null\nif [ $? != 0 ] ; then\n    # print error to STDERR\n    echo \"error: The sandbox is not in sync with the Podfile.lock. Run 'pod install' or update your CocoaPods installation.\" >&2\n    exit 1\nfi\n";
			showEnvVarsInLog = 0;
		};
		5B5F029B0F83C6AD25A6187F /* [CP] Copy Pods Resources */ = {
			isa = PBXShellScriptBuildPhase;
			buildActionMask = 2147483647;
			files = (
			);
			inputPaths = (
			);
			name = "[CP] Copy Pods Resources";
			outputPaths = (
			);
			runOnlyForDeploymentPostprocessing = 0;
			shellPath = /bin/sh;
			shellScript = "\"${SRCROOT}/Pods/Target Support Files/Pods-Cram Final VersionUITests/Pods-Cram Final VersionUITests-resources.sh\"\n";
			showEnvVarsInLog = 0;
		};
		8D50AD566A178362DEFA316B /* [CP] Check Pods Manifest.lock */ = {
			isa = PBXShellScriptBuildPhase;
			buildActionMask = 2147483647;
			files = (
			);
			inputPaths = (
			);
			name = "[CP] Check Pods Manifest.lock";
			outputPaths = (
			);
			runOnlyForDeploymentPostprocessing = 0;
			shellPath = /bin/sh;
			shellScript = "diff \"${PODS_ROOT}/../Podfile.lock\" \"${PODS_ROOT}/Manifest.lock\" > /dev/null\nif [ $? != 0 ] ; then\n    # print error to STDERR\n    echo \"error: The sandbox is not in sync with the Podfile.lock. Run 'pod install' or update your CocoaPods installation.\" >&2\n    exit 1\nfi\n";
			showEnvVarsInLog = 0;
		};
		A351FE17D9B82BCA4FF5AB17 /* [CP] Check Pods Manifest.lock */ = {
			isa = PBXShellScriptBuildPhase;
			buildActionMask = 2147483647;
			files = (
			);
			inputPaths = (
			);
			name = "[CP] Check Pods Manifest.lock";
			outputPaths = (
			);
			runOnlyForDeploymentPostprocessing = 0;
			shellPath = /bin/sh;
			shellScript = "diff \"${PODS_ROOT}/../Podfile.lock\" \"${PODS_ROOT}/Manifest.lock\" > /dev/null\nif [ $? != 0 ] ; then\n    # print error to STDERR\n    echo \"error: The sandbox is not in sync with the Podfile.lock. Run 'pod install' or update your CocoaPods installation.\" >&2\n    exit 1\nfi\n";
			showEnvVarsInLog = 0;
		};
		A9C677DA36A1C9787D7656C7 /* [CP] Embed Pods Frameworks */ = {
			isa = PBXShellScriptBuildPhase;
			buildActionMask = 2147483647;
			files = (
			);
			inputPaths = (
			);
			name = "[CP] Embed Pods Frameworks";
			outputPaths = (
			);
			runOnlyForDeploymentPostprocessing = 0;
			shellPath = /bin/sh;
			shellScript = "\"${SRCROOT}/Pods/Target Support Files/Pods-Cram Final VersionUITests/Pods-Cram Final VersionUITests-frameworks.sh\"\n";
			showEnvVarsInLog = 0;
		};
		BA89572B5766D652DBCB98FF /* [CP] Copy Pods Resources */ = {
			isa = PBXShellScriptBuildPhase;
			buildActionMask = 2147483647;
			files = (
			);
			inputPaths = (
			);
			name = "[CP] Copy Pods Resources";
			outputPaths = (
			);
			runOnlyForDeploymentPostprocessing = 0;
			shellPath = /bin/sh;
			shellScript = "\"${SRCROOT}/Pods/Target Support Files/Pods-Cram Final VersionTests/Pods-Cram Final VersionTests-resources.sh\"\n";
			showEnvVarsInLog = 0;
		};
/* End PBXShellScriptBuildPhase section */

/* Begin PBXSourcesBuildPhase section */
		F59619FF20668B73005151EA /* Sources */ = {
			isa = PBXSourcesBuildPhase;
			buildActionMask = 2147483647;
			files = (
				F5CD1FBD207A57E500C901A2 /* FilterViewController.swift in Sources */,
				F5CAF547206AAA5200BC8E39 /* SignUpViewController.swift in Sources */,
				F58EF563208BAA4900D32905 /* Friend.swift in Sources */,
				F558867B20715D5900830FD1 /* Post.swift in Sources */,
				F5BD921E206B253300CF6E4A /* AddCourseTableViewController.swift in Sources */,
				F578616D207DB37E00B21696 /* ListViewTableViewCell.swift in Sources */,
				F578616A207D9B3300B21696 /* AddCourseViewController.swift in Sources */,
				F53DB9B3206C3CF600055A16 /* AddCourseTableViewCell.swift in Sources */,
				F5072F2C20752D4300D31C59 /* ChatLogTableViewController.swift in Sources */,
				F517B0C120755ED3004EC6F0 /* MapViewController.swift in Sources */,
				F5072F322075312F00D31C59 /* DiscoverViewController.swift in Sources */,
				F5961A0F20668B73005151EA /* Cram_Final_Version.xcdatamodeld in Sources */,
				F531064D208FB1BC003D0C67 /* PostDetailViewController.swift in Sources */,
				F53DB9AD206C2FD700055A16 /* User.swift in Sources */,
				F531064B208F6E71003D0C67 /* CreatePostViewController.swift in Sources */,
				F54F2BFE20863DE600DC47F9 /* ViewProfileViewController.swift in Sources */,
				F5580681207A8C710005C3FB /* Filter.swift in Sources */,
				F5961A0920668B73005151EA /* LoginViewController.swift in Sources */,
				F572EF68209220A200A5D87C /* ChatLogViewController.swift in Sources */,
				F5580686207AAF2B0005C3FB /* FilterCourseTableViewCell.swift in Sources */,
				F5103B56209601E300BC05F6 /* Message.swift in Sources */,
				F55B75E520926B9C0015BB0E /* CreateGroupViewController.swift in Sources */,
				F5072F262075227400D31C59 /* PostsTableViewController.swift in Sources */,
				F5961A0720668B73005151EA /* AppDelegate.swift in Sources */,
				F55B75E3209262860015BB0E /* Group.swift in Sources */,
				F572EF6A2092223400A5D87C /* ChatLogTableViewCell.swift in Sources */,
				F51E6CCD2085560100508571 /* StudentPoint.swift in Sources */,
				F5CAF53F206A9E4300BC8E39 /* ProfileViewController.swift in Sources */,
				F5072F2A2075239100D31C59 /* PostsTableViewCell.swift in Sources */,
				F517B0C520755EF0004EC6F0 /* ListViewController.swift in Sources */,
				F53DB9AF206C2FE800055A16 /* Course.swift in Sources */,
			);
			runOnlyForDeploymentPostprocessing = 0;
		};
		F5961A1620668B73005151EA /* Sources */ = {
			isa = PBXSourcesBuildPhase;
			buildActionMask = 2147483647;
			files = (
				F5961A1F20668B73005151EA /* Cram_Final_VersionTests.swift in Sources */,
			);
			runOnlyForDeploymentPostprocessing = 0;
		};
		F5961A2120668B73005151EA /* Sources */ = {
			isa = PBXSourcesBuildPhase;
			buildActionMask = 2147483647;
			files = (
				F5961A2A20668B73005151EA /* Cram_Final_VersionUITests.swift in Sources */,
			);
			runOnlyForDeploymentPostprocessing = 0;
		};
/* End PBXSourcesBuildPhase section */

/* Begin PBXTargetDependency section */
		F5961A1C20668B73005151EA /* PBXTargetDependency */ = {
			isa = PBXTargetDependency;
			target = F5961A0220668B73005151EA /* Cram Final Version */;
			targetProxy = F5961A1B20668B73005151EA /* PBXContainerItemProxy */;
		};
		F5961A2720668B73005151EA /* PBXTargetDependency */ = {
			isa = PBXTargetDependency;
			target = F5961A0220668B73005151EA /* Cram Final Version */;
			targetProxy = F5961A2620668B73005151EA /* PBXContainerItemProxy */;
		};
/* End PBXTargetDependency section */

/* Begin PBXVariantGroup section */
		F5961A0A20668B73005151EA /* Main.storyboard */ = {
			isa = PBXVariantGroup;
			children = (
				F5961A0B20668B73005151EA /* Base */,
			);
			name = Main.storyboard;
			sourceTree = "<group>";
		};
		F5961A1220668B73005151EA /* LaunchScreen.storyboard */ = {
			isa = PBXVariantGroup;
			children = (
				F5961A1320668B73005151EA /* Base */,
			);
			name = LaunchScreen.storyboard;
			sourceTree = "<group>";
		};
/* End PBXVariantGroup section */

/* Begin XCBuildConfiguration section */
		F5961A2C20668B73005151EA /* Debug */ = {
			isa = XCBuildConfiguration;
			buildSettings = {
				ALWAYS_SEARCH_USER_PATHS = NO;
				CLANG_ANALYZER_NONNULL = YES;
				CLANG_ANALYZER_NUMBER_OBJECT_CONVERSION = YES_AGGRESSIVE;
				CLANG_CXX_LANGUAGE_STANDARD = "gnu++14";
				CLANG_CXX_LIBRARY = "libc++";
				CLANG_ENABLE_MODULES = YES;
				CLANG_ENABLE_OBJC_ARC = YES;
				CLANG_WARN_BLOCK_CAPTURE_AUTORELEASING = YES;
				CLANG_WARN_BOOL_CONVERSION = YES;
				CLANG_WARN_COMMA = YES;
				CLANG_WARN_CONSTANT_CONVERSION = YES;
				CLANG_WARN_DEPRECATED_OBJC_IMPLEMENTATIONS = YES;
				CLANG_WARN_DIRECT_OBJC_ISA_USAGE = YES_ERROR;
				CLANG_WARN_DOCUMENTATION_COMMENTS = YES;
				CLANG_WARN_EMPTY_BODY = YES;
				CLANG_WARN_ENUM_CONVERSION = YES;
				CLANG_WARN_INFINITE_RECURSION = YES;
				CLANG_WARN_INT_CONVERSION = YES;
				CLANG_WARN_NON_LITERAL_NULL_CONVERSION = YES;
				CLANG_WARN_OBJC_IMPLICIT_RETAIN_SELF = YES;
				CLANG_WARN_OBJC_LITERAL_CONVERSION = YES;
				CLANG_WARN_OBJC_ROOT_CLASS = YES_ERROR;
				CLANG_WARN_RANGE_LOOP_ANALYSIS = YES;
				CLANG_WARN_STRICT_PROTOTYPES = YES;
				CLANG_WARN_SUSPICIOUS_MOVE = YES;
				CLANG_WARN_UNGUARDED_AVAILABILITY = YES_AGGRESSIVE;
				CLANG_WARN_UNREACHABLE_CODE = YES;
				CLANG_WARN__DUPLICATE_METHOD_MATCH = YES;
				CODE_SIGN_IDENTITY = "iPhone Developer";
				COPY_PHASE_STRIP = NO;
				DEBUG_INFORMATION_FORMAT = dwarf;
				ENABLE_STRICT_OBJC_MSGSEND = YES;
				ENABLE_TESTABILITY = YES;
				GCC_C_LANGUAGE_STANDARD = gnu11;
				GCC_DYNAMIC_NO_PIC = NO;
				GCC_NO_COMMON_BLOCKS = YES;
				GCC_OPTIMIZATION_LEVEL = 0;
				GCC_PREPROCESSOR_DEFINITIONS = (
					"DEBUG=1",
					"$(inherited)",
				);
				GCC_WARN_64_TO_32_BIT_CONVERSION = YES;
				GCC_WARN_ABOUT_RETURN_TYPE = YES_ERROR;
				GCC_WARN_UNDECLARED_SELECTOR = YES;
				GCC_WARN_UNINITIALIZED_AUTOS = YES_AGGRESSIVE;
				GCC_WARN_UNUSED_FUNCTION = YES;
				GCC_WARN_UNUSED_VARIABLE = YES;
				IPHONEOS_DEPLOYMENT_TARGET = 11.2;
				MTL_ENABLE_DEBUG_INFO = YES;
				ONLY_ACTIVE_ARCH = YES;
				SDKROOT = iphoneos;
				SWIFT_ACTIVE_COMPILATION_CONDITIONS = DEBUG;
				SWIFT_OPTIMIZATION_LEVEL = "-Onone";
			};
			name = Debug;
		};
		F5961A2D20668B73005151EA /* Release */ = {
			isa = XCBuildConfiguration;
			buildSettings = {
				ALWAYS_SEARCH_USER_PATHS = NO;
				CLANG_ANALYZER_NONNULL = YES;
				CLANG_ANALYZER_NUMBER_OBJECT_CONVERSION = YES_AGGRESSIVE;
				CLANG_CXX_LANGUAGE_STANDARD = "gnu++14";
				CLANG_CXX_LIBRARY = "libc++";
				CLANG_ENABLE_MODULES = YES;
				CLANG_ENABLE_OBJC_ARC = YES;
				CLANG_WARN_BLOCK_CAPTURE_AUTORELEASING = YES;
				CLANG_WARN_BOOL_CONVERSION = YES;
				CLANG_WARN_COMMA = YES;
				CLANG_WARN_CONSTANT_CONVERSION = YES;
				CLANG_WARN_DEPRECATED_OBJC_IMPLEMENTATIONS = YES;
				CLANG_WARN_DIRECT_OBJC_ISA_USAGE = YES_ERROR;
				CLANG_WARN_DOCUMENTATION_COMMENTS = YES;
				CLANG_WARN_EMPTY_BODY = YES;
				CLANG_WARN_ENUM_CONVERSION = YES;
				CLANG_WARN_INFINITE_RECURSION = YES;
				CLANG_WARN_INT_CONVERSION = YES;
				CLANG_WARN_NON_LITERAL_NULL_CONVERSION = YES;
				CLANG_WARN_OBJC_IMPLICIT_RETAIN_SELF = YES;
				CLANG_WARN_OBJC_LITERAL_CONVERSION = YES;
				CLANG_WARN_OBJC_ROOT_CLASS = YES_ERROR;
				CLANG_WARN_RANGE_LOOP_ANALYSIS = YES;
				CLANG_WARN_STRICT_PROTOTYPES = YES;
				CLANG_WARN_SUSPICIOUS_MOVE = YES;
				CLANG_WARN_UNGUARDED_AVAILABILITY = YES_AGGRESSIVE;
				CLANG_WARN_UNREACHABLE_CODE = YES;
				CLANG_WARN__DUPLICATE_METHOD_MATCH = YES;
				CODE_SIGN_IDENTITY = "iPhone Developer";
				COPY_PHASE_STRIP = NO;
				DEBUG_INFORMATION_FORMAT = "dwarf-with-dsym";
				ENABLE_NS_ASSERTIONS = NO;
				ENABLE_STRICT_OBJC_MSGSEND = YES;
				GCC_C_LANGUAGE_STANDARD = gnu11;
				GCC_NO_COMMON_BLOCKS = YES;
				GCC_WARN_64_TO_32_BIT_CONVERSION = YES;
				GCC_WARN_ABOUT_RETURN_TYPE = YES_ERROR;
				GCC_WARN_UNDECLARED_SELECTOR = YES;
				GCC_WARN_UNINITIALIZED_AUTOS = YES_AGGRESSIVE;
				GCC_WARN_UNUSED_FUNCTION = YES;
				GCC_WARN_UNUSED_VARIABLE = YES;
				IPHONEOS_DEPLOYMENT_TARGET = 11.2;
				MTL_ENABLE_DEBUG_INFO = NO;
				SDKROOT = iphoneos;
				SWIFT_OPTIMIZATION_LEVEL = "-Owholemodule";
				VALIDATE_PRODUCT = YES;
			};
			name = Release;
		};
		F5961A2F20668B73005151EA /* Debug */ = {
			isa = XCBuildConfiguration;
			baseConfigurationReference = E185B0C49F09B48E89020208 /* Pods-Cram Final Version.debug.xcconfig */;
			buildSettings = {
				ALWAYS_EMBED_SWIFT_STANDARD_LIBRARIES = YES;
				ASSETCATALOG_COMPILER_APPICON_NAME = AppIcon;
				CODE_SIGN_ENTITLEMENTS = "Cram Final Version/Cram Final Version.entitlements";
				CODE_SIGN_STYLE = Automatic;
				DEVELOPMENT_TEAM = UBWPYUEANY;
				INFOPLIST_FILE = "Cram Final Version/Info.plist";
				IPHONEOS_DEPLOYMENT_TARGET = 11.0;
				LD_RUNPATH_SEARCH_PATHS = "$(inherited) @executable_path/Frameworks";
				PRODUCT_BUNDLE_IDENTIFIER = "Capstone.Cram-Final-Version";
				PRODUCT_NAME = "$(TARGET_NAME)";
				SWIFT_VERSION = 4.0;
				TARGETED_DEVICE_FAMILY = "1,2";
			};
			name = Debug;
		};
		F5961A3020668B73005151EA /* Release */ = {
			isa = XCBuildConfiguration;
			baseConfigurationReference = CB6E382E6C669583F8A0F933 /* Pods-Cram Final Version.release.xcconfig */;
			buildSettings = {
				ALWAYS_EMBED_SWIFT_STANDARD_LIBRARIES = YES;
				ASSETCATALOG_COMPILER_APPICON_NAME = AppIcon;
				CODE_SIGN_ENTITLEMENTS = "Cram Final Version/Cram Final Version.entitlements";
				CODE_SIGN_STYLE = Automatic;
				DEVELOPMENT_TEAM = UBWPYUEANY;
				INFOPLIST_FILE = "Cram Final Version/Info.plist";
				IPHONEOS_DEPLOYMENT_TARGET = 11.0;
				LD_RUNPATH_SEARCH_PATHS = "$(inherited) @executable_path/Frameworks";
				PRODUCT_BUNDLE_IDENTIFIER = "Capstone.Cram-Final-Version";
				PRODUCT_NAME = "$(TARGET_NAME)";
				SWIFT_VERSION = 4.0;
				TARGETED_DEVICE_FAMILY = "1,2";
			};
			name = Release;
		};
		F5961A3220668B73005151EA /* Debug */ = {
			isa = XCBuildConfiguration;
			baseConfigurationReference = 66074E90A0BA377925A676E6 /* Pods-Cram Final VersionTests.debug.xcconfig */;
			buildSettings = {
				ALWAYS_EMBED_SWIFT_STANDARD_LIBRARIES = NO;
				BUNDLE_LOADER = "$(TEST_HOST)";
				CODE_SIGN_STYLE = Automatic;
				DEVELOPMENT_TEAM = UBWPYUEANY;
				INFOPLIST_FILE = "Cram Final VersionTests/Info.plist";
				LD_RUNPATH_SEARCH_PATHS = "$(inherited) @executable_path/Frameworks @loader_path/Frameworks";
				PRODUCT_BUNDLE_IDENTIFIER = "Capstone.Cram-Final-VersionTests";
				PRODUCT_NAME = "$(TARGET_NAME)";
				SWIFT_VERSION = 4.0;
				TARGETED_DEVICE_FAMILY = "1,2";
				TEST_HOST = "$(BUILT_PRODUCTS_DIR)/Cram Final Version.app/Cram Final Version";
			};
			name = Debug;
		};
		F5961A3320668B73005151EA /* Release */ = {
			isa = XCBuildConfiguration;
			baseConfigurationReference = 76BB8263B0D5E0BB12DE73CB /* Pods-Cram Final VersionTests.release.xcconfig */;
			buildSettings = {
				ALWAYS_EMBED_SWIFT_STANDARD_LIBRARIES = NO;
				BUNDLE_LOADER = "$(TEST_HOST)";
				CODE_SIGN_STYLE = Automatic;
				DEVELOPMENT_TEAM = UBWPYUEANY;
				INFOPLIST_FILE = "Cram Final VersionTests/Info.plist";
				LD_RUNPATH_SEARCH_PATHS = "$(inherited) @executable_path/Frameworks @loader_path/Frameworks";
				PRODUCT_BUNDLE_IDENTIFIER = "Capstone.Cram-Final-VersionTests";
				PRODUCT_NAME = "$(TARGET_NAME)";
				SWIFT_VERSION = 4.0;
				TARGETED_DEVICE_FAMILY = "1,2";
				TEST_HOST = "$(BUILT_PRODUCTS_DIR)/Cram Final Version.app/Cram Final Version";
			};
			name = Release;
		};
		F5961A3520668B73005151EA /* Debug */ = {
			isa = XCBuildConfiguration;
			baseConfigurationReference = 69445B359F3BBFF10E155338 /* Pods-Cram Final VersionUITests.debug.xcconfig */;
			buildSettings = {
				ALWAYS_EMBED_SWIFT_STANDARD_LIBRARIES = YES;
				CODE_SIGN_STYLE = Automatic;
				DEVELOPMENT_TEAM = UBWPYUEANY;
				INFOPLIST_FILE = "Cram Final VersionUITests/Info.plist";
				LD_RUNPATH_SEARCH_PATHS = "$(inherited) @executable_path/Frameworks @loader_path/Frameworks";
				PRODUCT_BUNDLE_IDENTIFIER = "Capstone.Cram-Final-VersionUITests";
				PRODUCT_NAME = "$(TARGET_NAME)";
				SWIFT_VERSION = 4.0;
				TARGETED_DEVICE_FAMILY = "1,2";
				TEST_TARGET_NAME = "Cram Final Version";
			};
			name = Debug;
		};
		F5961A3620668B73005151EA /* Release */ = {
			isa = XCBuildConfiguration;
			baseConfigurationReference = 03371BA59C380417D5F64A40 /* Pods-Cram Final VersionUITests.release.xcconfig */;
			buildSettings = {
				ALWAYS_EMBED_SWIFT_STANDARD_LIBRARIES = YES;
				CODE_SIGN_STYLE = Automatic;
				DEVELOPMENT_TEAM = UBWPYUEANY;
				INFOPLIST_FILE = "Cram Final VersionUITests/Info.plist";
				LD_RUNPATH_SEARCH_PATHS = "$(inherited) @executable_path/Frameworks @loader_path/Frameworks";
				PRODUCT_BUNDLE_IDENTIFIER = "Capstone.Cram-Final-VersionUITests";
				PRODUCT_NAME = "$(TARGET_NAME)";
				SWIFT_VERSION = 4.0;
				TARGETED_DEVICE_FAMILY = "1,2";
				TEST_TARGET_NAME = "Cram Final Version";
			};
			name = Release;
		};
/* End XCBuildConfiguration section */

/* Begin XCConfigurationList section */
		F59619FE20668B73005151EA /* Build configuration list for PBXProject "Cram Final Version" */ = {
			isa = XCConfigurationList;
			buildConfigurations = (
				F5961A2C20668B73005151EA /* Debug */,
				F5961A2D20668B73005151EA /* Release */,
			);
			defaultConfigurationIsVisible = 0;
			defaultConfigurationName = Release;
		};
		F5961A2E20668B73005151EA /* Build configuration list for PBXNativeTarget "Cram Final Version" */ = {
			isa = XCConfigurationList;
			buildConfigurations = (
				F5961A2F20668B73005151EA /* Debug */,
				F5961A3020668B73005151EA /* Release */,
			);
			defaultConfigurationIsVisible = 0;
			defaultConfigurationName = Release;
		};
		F5961A3120668B73005151EA /* Build configuration list for PBXNativeTarget "Cram Final VersionTests" */ = {
			isa = XCConfigurationList;
			buildConfigurations = (
				F5961A3220668B73005151EA /* Debug */,
				F5961A3320668B73005151EA /* Release */,
			);
			defaultConfigurationIsVisible = 0;
			defaultConfigurationName = Release;
		};
		F5961A3420668B73005151EA /* Build configuration list for PBXNativeTarget "Cram Final VersionUITests" */ = {
			isa = XCConfigurationList;
			buildConfigurations = (
				F5961A3520668B73005151EA /* Debug */,
				F5961A3620668B73005151EA /* Release */,
			);
			defaultConfigurationIsVisible = 0;
			defaultConfigurationName = Release;
		};
/* End XCConfigurationList section */

/* Begin XCVersionGroup section */
		F5961A0D20668B73005151EA /* Cram_Final_Version.xcdatamodeld */ = {
			isa = XCVersionGroup;
			children = (
				F5961A0E20668B73005151EA /* Cram_Final_Version.xcdatamodel */,
			);
			currentVersion = F5961A0E20668B73005151EA /* Cram_Final_Version.xcdatamodel */;
			path = Cram_Final_Version.xcdatamodeld;
			sourceTree = "<group>";
			versionGroupType = wrapper.xcdatamodel;
		};
/* End XCVersionGroup section */
	};
	rootObject = F59619FB20668B73005151EA /* Project object */;
}
